
Microsoft Visual Studio Solution File, Format Version 12.00
# Visual Studio Version 16
VisualStudioVersion = 16.0.29613.14
MinimumVisualStudioVersion = 10.0.40219.1
Project("{FAE04EC0-301F-11D3-BF4B-00C04F79EFBC}") = "PollBot", "PollBot\PollBot.csproj", "{C7113F5D-21EF-4E2B-84AA-4E5EFAE34C69}"
EndProject
Global
	GlobalSection(SolutionConfigurationPlatforms) = preSolution
		Debug|Any CPU = Debug|Any CPU
		Release|Any CPU = Release|Any CPU
	EndGlobalSection
	GlobalSection(ProjectConfigurationPlatforms) = postSolution
		{C7113F5D-21EF-4E2B-84AA-4E5EFAE34C69}.Debug|Any CPU.ActiveCfg = Debug|Any CPU
		{C7113F5D-21EF-4E2B-84AA-4E5EFAE34C69}.Debug|Any CPU.Build.0 = Debug|Any CPU
		{C7113F5D-21EF-4E2B-84AA-4E5EFAE34C69}.Release|Any CPU.ActiveCfg = Release|Any CPU
		{C7113F5D-21EF-4E2B-84AA-4E5EFAE34C69}.Release|Any CPU.Build.0 = Release|Any CPU
	EndGlobalSection
	GlobalSection(SolutionProperties) = preSolution
		HideSolutionNode = FALSE
	EndGlobalSection
	GlobalSection(ExtensibilityGlobals) = postSolution
		SolutionGuid = {E9B5F540-05C1-47A1-8902-BB94B2144FCE}
	EndGlobalSection
EndGlobal
